
Microsoft Visual Studio Solution File, Format Version 12.00
# Visual Studio Version 17
VisualStudioVersion = 17.7.34003.232
MinimumVisualStudioVersion = 10.0.40219.1
Project("{8BC9CEB8-8B4A-11D0-8D11-00A0C91BC942}") = "ProjectCpp", "ProjectCpp.vcxproj", "{BD3046F8-A44E-424A-BA56-1D42818A0E68}"
EndProject
Project("{2150E333-8FDC-42A3-9474-1A3956D46DE8}") = "ToyProject", "ToyProject", "{EB9E60F6-109D-4B98-AAEB-282B269C6192}"
EndProject
Project("{8BC9CEB8-8B4A-11D0-8D11-00A0C91BC942}") = "MazeEscape_Cpp", "..\MazeEscape_Cpp\MazeEscape_Cpp.vcxproj", "{3E1BA0A8-B69C-4520-AA15-80B70D513647}"
EndProject
Project("{8BC9CEB8-8B4A-11D0-8D11-00A0C91BC942}") = "ToyProject1", "..\ToyProject1\ToyProject1.vcxproj", "{8DF01E26-3054-48B1-A75A-0807D1672C02}"
EndProject
Project("{2150E333-8FDC-42A3-9474-1A3956D46DE8}") = "Ch2", "Ch2", "{C365BE8E-C55C-45B7-B689-3525EE46B83C}"
EndProject
Project("{8BC9CEB8-8B4A-11D0-8D11-00A0C91BC942}") = "Ch1", "Ch1\Ch1.vcxproj", "{015AC4EA-9151-494D-A0FF-7324F9FDC99D}"
EndProject
Project("{8BC9CEB8-8B4A-11D0-8D11-00A0C91BC942}") = "Ch2", "..\Ch2\Ch2.vcxproj", "{FDB031B4-37E6-4406-B480-218D6282386A}"
EndProject
Project("{8BC9CEB8-8B4A-11D0-8D11-00A0C91BC942}") = "Chapter3", "..\Chapter3\Chapter3.vcxproj", "{183EA193-AB35-44E0-A2DC-22ADE281D780}"
EndProject
Project("{8BC9CEB8-8B4A-11D0-8D11-00A0C91BC942}") = "Ch4", "..\Ch4\Ch4.vcxproj", "{15F14BF0-596B-442A-82C9-0C0016F49ADB}"
EndProject
Project("{8BC9CEB8-8B4A-11D0-8D11-00A0C91BC942}") = "Ch5", "..\Ch5\Ch5.vcxproj", "{CAD3BB68-2E80-4978-B996-01EF8B277ED4}"
EndProject
Project("{8BC9CEB8-8B4A-11D0-8D11-00A0C91BC942}") = "BattleSystem", "..\BattleSystem\BattleSystem.vcxproj", "{FF1010B6-4D83-4753-BA0E-63D9D345F2A7}"
EndProject
Global
	GlobalSection(SolutionConfigurationPlatforms) = preSolution
		Debug|x64 = Debug|x64
		Debug|x86 = Debug|x86
		Release|x64 = Release|x64
		Release|x86 = Release|x86
	EndGlobalSection
	GlobalSection(ProjectConfigurationPlatforms) = postSolution
		{BD3046F8-A44E-424A-BA56-1D42818A0E68}.Debug|x64.ActiveCfg = Debug|x64
		{BD3046F8-A44E-424A-BA56-1D42818A0E68}.Debug|x64.Build.0 = Debug|x64
		{BD3046F8-A44E-424A-BA56-1D42818A0E68}.Debug|x86.ActiveCfg = Debug|Win32
		{BD3046F8-A44E-424A-BA56-1D42818A0E68}.Debug|x86.Build.0 = Debug|Win32
		{BD3046F8-A44E-424A-BA56-1D42818A0E68}.Release|x64.ActiveCfg = Release|x64
		{BD3046F8-A44E-424A-BA56-1D42818A0E68}.Release|x64.Build.0 = Release|x64
		{BD3046F8-A44E-424A-BA56-1D42818A0E68}.Release|x86.ActiveCfg = Release|Win32
		{BD3046F8-A44E-424A-BA56-1D42818A0E68}.Release|x86.Build.0 = Release|Win32
		{3E1BA0A8-B69C-4520-AA15-80B70D513647}.Debug|x64.ActiveCfg = Debug|x64
		{3E1BA0A8-B69C-4520-AA15-80B70D513647}.Debug|x64.Build.0 = Debug|x64
		{3E1BA0A8-B69C-4520-AA15-80B70D513647}.Debug|x86.ActiveCfg = Debug|Win32
		{3E1BA0A8-B69C-4520-AA15-80B70D513647}.Debug|x86.Build.0 = Debug|Win32
		{3E1BA0A8-B69C-4520-AA15-80B70D513647}.Release|x64.ActiveCfg = Release|x64
		{3E1BA0A8-B69C-4520-AA15-80B70D513647}.Release|x64.Build.0 = Release|x64
		{3E1BA0A8-B69C-4520-AA15-80B70D513647}.Release|x86.ActiveCfg = Release|Win32
		{3E1BA0A8-B69C-4520-AA15-80B70D513647}.Release|x86.Build.0 = Release|Win32
		{8DF01E26-3054-48B1-A75A-0807D1672C02}.Debug|x64.ActiveCfg = Debug|x64
		{8DF01E26-3054-48B1-A75A-0807D1672C02}.Debug|x64.Build.0 = Debug|x64
		{8DF01E26-3054-48B1-A75A-0807D1672C02}.Debug|x86.ActiveCfg = Debug|Win32
		{8DF01E26-3054-48B1-A75A-0807D1672C02}.Debug|x86.Build.0 = Debug|Win32
		{8DF01E26-3054-48B1-A75A-0807D1672C02}.Release|x64.ActiveCfg = Release|x64
		{8DF01E26-3054-48B1-A75A-0807D1672C02}.Release|x64.Build.0 = Release|x64
		{8DF01E26-3054-48B1-A75A-0807D1672C02}.Release|x86.ActiveCfg = Release|Win32
		{8DF01E26-3054-48B1-A75A-0807D1672C02}.Release|x86.Build.0 = Release|Win32
		{015AC4EA-9151-494D-A0FF-7324F9FDC99D}.Debug|x64.ActiveCfg = Debug|x64
		{015AC4EA-9151-494D-A0FF-7324F9FDC99D}.Debug|x64.Build.0 = Debug|x64
		{015AC4EA-9151-494D-A0FF-7324F9FDC99D}.Debug|x86.ActiveCfg = Debug|Win32
		{015AC4EA-9151-494D-A0FF-7324F9FDC99D}.Debug|x86.Build.0 = Debug|Win32
		{015AC4EA-9151-494D-A0FF-7324F9FDC99D}.Release|x64.ActiveCfg = Release|x64
		{015AC4EA-9151-494D-A0FF-7324F9FDC99D}.Release|x64.Build.0 = Release|x64
		{015AC4EA-9151-494D-A0FF-7324F9FDC99D}.Release|x86.ActiveCfg = Release|Win32
		{015AC4EA-9151-494D-A0FF-7324F9FDC99D}.Release|x86.Build.0 = Release|Win32
		{FDB031B4-37E6-4406-B480-218D6282386A}.Debug|x64.ActiveCfg = Debug|x64
		{FDB031B4-37E6-4406-B480-218D6282386A}.Debug|x64.Build.0 = Debug|x64
		{FDB031B4-37E6-4406-B480-218D6282386A}.Debug|x86.ActiveCfg = Debug|Win32
		{FDB031B4-37E6-4406-B480-218D6282386A}.Debug|x86.Build.0 = Debug|Win32
		{FDB031B4-37E6-4406-B480-218D6282386A}.Release|x64.ActiveCfg = Release|x64
		{FDB031B4-37E6-4406-B480-218D6282386A}.Release|x64.Build.0 = Release|x64
		{FDB031B4-37E6-4406-B480-218D6282386A}.Release|x86.ActiveCfg = Release|Win32
		{FDB031B4-37E6-4406-B480-218D6282386A}.Release|x86.Build.0 = Release|Win32
		{183EA193-AB35-44E0-A2DC-22ADE281D780}.Debug|x64.ActiveCfg = Debug|x64
		{183EA193-AB35-44E0-A2DC-22ADE281D780}.Debug|x64.Build.0 = Debug|x64
		{183EA193-AB35-44E0-A2DC-22ADE281D780}.Debug|x86.ActiveCfg = Debug|Win32
		{183EA193-AB35-44E0-A2DC-22ADE281D780}.Debug|x86.Build.0 = Debug|Win32
		{183EA193-AB35-44E0-A2DC-22ADE281D780}.Release|x64.ActiveCfg = Release|x64
		{183EA193-AB35-44E0-A2DC-22ADE281D780}.Release|x64.Build.0 = Release|x64
		{183EA193-AB35-44E0-A2DC-22ADE281D780}.Release|x86.ActiveCfg = Release|Win32
		{183EA193-AB35-44E0-A2DC-22ADE281D780}.Release|x86.Build.0 = Release|Win32
		{15F14BF0-596B-442A-82C9-0C0016F49ADB}.Debug|x64.ActiveCfg = Debug|x64
		{15F14BF0-596B-442A-82C9-0C0016F49ADB}.Debug|x64.Build.0 = Debug|x64
		{15F14BF0-596B-442A-82C9-0C0016F49ADB}.Debug|x86.ActiveCfg = Debug|Win32
		{15F14BF0-596B-442A-82C9-0C0016F49ADB}.Debug|x86.Build.0 = Debug|Win32
		{15F14BF0-596B-442A-82C9-0C0016F49ADB}.Release|x64.ActiveCfg = Release|x64
		{15F14BF0-596B-442A-82C9-0C0016F49ADB}.Release|x64.Build.0 = Release|x64
		{15F14BF0-596B-442A-82C9-0C0016F49ADB}.Release|x86.ActiveCfg = Release|Win32
		{15F14BF0-596B-442A-82C9-0C0016F49ADB}.Release|x86.Build.0 = Release|Win32
		{CAD3BB68-2E80-4978-B996-01EF8B277ED4}.Debug|x64.ActiveCfg = Debug|x64
		{CAD3BB68-2E80-4978-B996-01EF8B277ED4}.Debug|x64.Build.0 = Debug|x64
		{CAD3BB68-2E80-4978-B996-01EF8B277ED4}.Debug|x86.ActiveCfg = Debug|Win32
		{CAD3BB68-2E80-4978-B996-01EF8B277ED4}.Debug|x86.Build.0 = Debug|Win32
		{CAD3BB68-2E80-4978-B996-01EF8B277ED4}.Release|x64.ActiveCfg = Release|x64
		{CAD3BB68-2E80-4978-B996-01EF8B277ED4}.Release|x64.Build.0 = Release|x64
		{CAD3BB68-2E80-4978-B996-01EF8B277ED4}.Release|x86.ActiveCfg = Release|Win32
		{CAD3BB68-2E80-4978-B996-01EF8B277ED4}.Release|x86.Build.0 = Release|Win32
		{FF1010B6-4D83-4753-BA0E-63D9D345F2A7}.Debug|x64.ActiveCfg = Debug|x64
		{FF1010B6-4D83-4753-BA0E-63D9D345F2A7}.Debug|x64.Build.0 = Debug|x64
		{FF1010B6-4D83-4753-BA0E-63D9D345F2A7}.Debug|x86.ActiveCfg = Debug|Win32
		{FF1010B6-4D83-4753-BA0E-63D9D345F2A7}.Debug|x86.Build.0 = Debug|Win32
		{FF1010B6-4D83-4753-BA0E-63D9D345F2A7}.Release|x64.ActiveCfg = Release|x64
		{FF1010B6-4D83-4753-BA0E-63D9D345F2A7}.Release|x64.Build.0 = Release|x64
		{FF1010B6-4D83-4753-BA0E-63D9D345F2A7}.Release|x86.ActiveCfg = Release|Win32
		{FF1010B6-4D83-4753-BA0E-63D9D345F2A7}.Release|x86.Build.0 = Release|Win32
	EndGlobalSection
	GlobalSection(SolutionProperties) = preSolution
		HideSolutionNode = FALSE
	EndGlobalSection
	GlobalSection(NestedProjects) = preSolution
		{3E1BA0A8-B69C-4520-AA15-80B70D513647} = {EB9E60F6-109D-4B98-AAEB-282B269C6192}
		{8DF01E26-3054-48B1-A75A-0807D1672C02} = {EB9E60F6-109D-4B98-AAEB-282B269C6192}
		{FDB031B4-37E6-4406-B480-218D6282386A} = {C365BE8E-C55C-45B7-B689-3525EE46B83C}
	EndGlobalSection
	GlobalSection(ExtensibilityGlobals) = postSolution
		SolutionGuid = {B011185F-ADC7-49CC-BF3F-C76DAA1EAB9A}
	EndGlobalSection
EndGlobal
